
Microsoft Visual Studio Solution File, Format Version 12.00
# Visual Studio Version 17
VisualStudioVersion = 17.7.33711.374
MinimumVisualStudioVersion = 10.0.40219.1
Project("{9A19103F-16F7-4668-BE54-9A1E7A4F7556}") = "BlazorCookieLogin", "src\BlazorCookieLogin\BlazorCookieLogin.csproj", "{B438396F-A8C1-4FCF-8324-BD9217DBE7CD}"
EndProject
Global
	GlobalSection(SolutionConfigurationPlatforms) = preSolution
		Debug|Any CPU = Debug|Any CPU
		Release|Any CPU = Release|Any CPU
	EndGlobalSection
	GlobalSection(ProjectConfigurationPlatforms) = postSolution
		{B438396F-A8C1-4FCF-8324-BD9217DBE7CD}.Debug|Any CPU.ActiveCfg = Debug|Any CPU
		{B438396F-A8C1-4FCF-8324-BD9217DBE7CD}.Debug|Any CPU.Build.0 = Debug|Any CPU
		{B438396F-A8C1-4FCF-8324-BD9217DBE7CD}.Release|Any CPU.ActiveCfg = Release|Any CPU
		{B438396F-A8C1-4FCF-8324-BD9217DBE7CD}.Release|Any CPU.Build.0 = Release|Any CPU
	EndGlobalSection
	GlobalSection(SolutionProperties) = preSolution
		HideSolutionNode = FALSE
	EndGlobalSection
	GlobalSection(ExtensibilityGlobals) = postSolution
		SolutionGuid = {4183A4AB-A37A-48AB-A314-CE8D48C83B44}
	EndGlobalSection
EndGlobal
